
Microsoft Visual Studio Solution File, Format Version 12.00
# Visual Studio 2015
Project("{8BC9CEB8-8B4A-11D0-8D11-00A0C91BC942}") = "simc", "simc.vcxproj", "{00058543-E5EA-1540-B535-BCE859AA319E}"
EndProject
Global
	GlobalSection(SolutionConfigurationPlatforms) = preSolution
		DebugDynamic|Win32 = DebugDynamic|Win32
		DebugDynamic|x64 = DebugDynamic|x64
		Debug|Win32 = Debug|Win32
		Debug|x64 = Debug|x64
		ReleaseDynamic|Win32 = ReleaseDynamic|Win32
		ReleaseDynamic|x64 = ReleaseDynamic|x64
		Release|Win32 = Release|Win32
		Release|x64 = Release|x64
	EndGlobalSection
	GlobalSection(ProjectConfigurationPlatforms) = postSolution
		{00058543-E5EA-1540-B535-BCE859AA319E}.DebugDynamic|Win32.ActiveCfg = DebugDynamic|Win32
		{00058543-E5EA-1540-B535-BCE859AA319E}.DebugDynamic|Win32.Build.0 = DebugDynamic|Win32
		{00058543-E5EA-1540-B535-BCE859AA319E}.DebugDynamic|x64.ActiveCfg = DebugDynamic|x64
		{00058543-E5EA-1540-B535-BCE859AA319E}.DebugDynamic|x64.Build.0 = DebugDynamic|x64
		{00058543-E5EA-1540-B535-BCE859AA319E}.Debug|Win32.ActiveCfg = Debug|Win32
		{00058543-E5EA-1540-B535-BCE859AA319E}.Debug|Win32.Build.0 = Debug|Win32
		{00058543-E5EA-1540-B535-BCE859AA319E}.Debug|x64.ActiveCfg = Debug|x64
		{00058543-E5EA-1540-B535-BCE859AA319E}.Debug|x64.Build.0 = Debug|x64
		{00058543-E5EA-1540-B535-BCE859AA319E}.ReleaseDynamic|Win32.ActiveCfg = ReleaseDynamic|Win32
		{00058543-E5EA-1540-B535-BCE859AA319E}.ReleaseDynamic|Win32.Build.0 = ReleaseDynamic|Win32
		{00058543-E5EA-1540-B535-BCE859AA319E}.ReleaseDynamic|x64.ActiveCfg = ReleaseDynamic|x64
		{00058543-E5EA-1540-B535-BCE859AA319E}.ReleaseDynamic|x64.Build.0 = ReleaseDynamic|x64
		{00058543-E5EA-1540-B535-BCE859AA319E}.Release|Win32.ActiveCfg = Release|Win32
		{00058543-E5EA-1540-B535-BCE859AA319E}.Release|Win32.Build.0 = Release|Win32
		{00058543-E5EA-1540-B535-BCE859AA319E}.Release|x64.ActiveCfg = Release|x64
		{00058543-E5EA-1540-B535-BCE859AA319E}.Release|x64.Build.0 = Release|x64
	EndGlobalSection
	GlobalSection(SolutionProperties) = preSolution
		HideSolutionNode = FALSE
	EndGlobalSection
EndGlobal
