<?xml version="1.0" encoding="utf-8"?>
<Project ToolsVersion="4.0" xmlns="http://schemas.microsoft.com/developer/msbuild/2003">
  <ItemGroup>
    <Filter Include="include">
      <UniqueIdentifier>{89AF369E-F58E-B539-FEA6-40106A051C9B}</UniqueIdentifier>
    </Filter>
    <Filter Include="tinyxml">
      <UniqueIdentifier>{1ABD1BE2-869C-9A7D-8FB4-2554FB1201DF}</UniqueIdentifier>
    </Filter>
  </ItemGroup>
  <ItemGroup>
    <ClInclude Include="..\..\include\sim_core.h">
      <Filter>include</Filter>
    </ClInclude>
    <ClInclude Include="..\..\include\sim_internal.h">
      <Filter>include</Filter>
    </ClInclude>
    <ClInclude Include="..\..\include\sim_xml.h">
      <Filter>include</Filter>
    </ClInclude>
  </ItemGroup>
  <ItemGroup>
    <ClCompile Include="..\..\external\tinyxml\tinystr.cpp">
      <Filter>tinyxml</Filter>
    </ClCompile>
    <ClCompile Include="..\..\external\tinyxml\tinyxml.cpp">
      <Filter>tinyxml</Filter>
    </ClCompile>
    <ClCompile Include="..\..\external\tinyxml\tinyxmlerror.cpp">
      <Filter>tinyxml</Filter>
    </ClCompile>
    <ClCompile Include="..\..\external\tinyxml\tinyxmlparser.cpp">
      <Filter>tinyxml</Filter>
    </ClCompile>
    <ClCompile Include="..\..\source\sim_curtime.c" />
    <ClCompile Include="..\..\source\sim_library.c" />
    <ClCompile Include="..\..\source\sim_linkedlist.c" />
    <ClCompile Include="..\..\source\sim_queue.c" />
    <ClCompile Include="..\..\source\sim_sarray.c" />
    <ClCompile Include="..\..\source\sim_threading.c" />
    <ClCompile Include="..\..\source\sim_xml.cpp" />
  </ItemGroup>
</Project>