
Microsoft Visual Studio Solution File, Format Version 11.00
# Visual Studio 2010
Project("{8BC9CEB8-8B4A-11D0-8D11-00A0C91BC942}") = "simc", "simc.vcxproj", "{825C31E8-4C21-1348-AAEE-ACE6E8936988}"
EndProject
Global
	GlobalSection(SolutionConfigurationPlatforms) = preSolution
		Debug|Win32 = Debug|Win32
		Debug|x64 = Debug|x64
		Release|Win32 = Release|Win32
		Release|x64 = Release|x64
		DebugDynamic|Win32 = DebugDynamic|Win32
		DebugDynamic|x64 = DebugDynamic|x64
		ReleaseDynamic|Win32 = ReleaseDynamic|Win32
		ReleaseDynamic|x64 = ReleaseDynamic|x64
		DebugSingleThread|Win32 = DebugSingleThread|Win32
		DebugSingleThread|x64 = DebugSingleThread|x64
		ReleaseSingleThread|Win32 = ReleaseSingleThread|Win32
		ReleaseSingleThread|x64 = ReleaseSingleThread|x64
		DebugSingleThreadDynamic|Win32 = DebugSingleThreadDynamic|Win32
		DebugSingleThreadDynamic|x64 = DebugSingleThreadDynamic|x64
		ReleaseSingleThreadDynamic|Win32 = ReleaseSingleThreadDynamic|Win32
		ReleaseSingleThreadDynamic|x64 = ReleaseSingleThreadDynamic|x64
	EndGlobalSection
	GlobalSection(ProjectConfigurationPlatforms) = postSolution
		{825C31E8-4C21-1348-AAEE-ACE6E8936988}.Debug|Win32.ActiveCfg = Debug|Win32
		{825C31E8-4C21-1348-AAEE-ACE6E8936988}.Debug|Win32.Build.0 = Debug|Win32
		{825C31E8-4C21-1348-AAEE-ACE6E8936988}.Debug|x64.ActiveCfg = Debug|x64
		{825C31E8-4C21-1348-AAEE-ACE6E8936988}.Debug|x64.Build.0 = Debug|x64
		{825C31E8-4C21-1348-AAEE-ACE6E8936988}.Release|Win32.ActiveCfg = Release|Win32
		{825C31E8-4C21-1348-AAEE-ACE6E8936988}.Release|Win32.Build.0 = Release|Win32
		{825C31E8-4C21-1348-AAEE-ACE6E8936988}.Release|x64.ActiveCfg = Release|x64
		{825C31E8-4C21-1348-AAEE-ACE6E8936988}.Release|x64.Build.0 = Release|x64
		{825C31E8-4C21-1348-AAEE-ACE6E8936988}.DebugDynamic|Win32.ActiveCfg = DebugDynamic|Win32
		{825C31E8-4C21-1348-AAEE-ACE6E8936988}.DebugDynamic|Win32.Build.0 = DebugDynamic|Win32
		{825C31E8-4C21-1348-AAEE-ACE6E8936988}.DebugDynamic|x64.ActiveCfg = DebugDynamic|x64
		{825C31E8-4C21-1348-AAEE-ACE6E8936988}.DebugDynamic|x64.Build.0 = DebugDynamic|x64
		{825C31E8-4C21-1348-AAEE-ACE6E8936988}.ReleaseDynamic|Win32.ActiveCfg = ReleaseDynamic|Win32
		{825C31E8-4C21-1348-AAEE-ACE6E8936988}.ReleaseDynamic|Win32.Build.0 = ReleaseDynamic|Win32
		{825C31E8-4C21-1348-AAEE-ACE6E8936988}.ReleaseDynamic|x64.ActiveCfg = ReleaseDynamic|x64
		{825C31E8-4C21-1348-AAEE-ACE6E8936988}.ReleaseDynamic|x64.Build.0 = ReleaseDynamic|x64
		{825C31E8-4C21-1348-AAEE-ACE6E8936988}.DebugSingleThread|Win32.ActiveCfg = DebugSingleThread|Win32
		{825C31E8-4C21-1348-AAEE-ACE6E8936988}.DebugSingleThread|Win32.Build.0 = DebugSingleThread|Win32
		{825C31E8-4C21-1348-AAEE-ACE6E8936988}.DebugSingleThread|x64.ActiveCfg = DebugSingleThread|x64
		{825C31E8-4C21-1348-AAEE-ACE6E8936988}.DebugSingleThread|x64.Build.0 = DebugSingleThread|x64
		{825C31E8-4C21-1348-AAEE-ACE6E8936988}.ReleaseSingleThread|Win32.ActiveCfg = ReleaseSingleThread|Win32
		{825C31E8-4C21-1348-AAEE-ACE6E8936988}.ReleaseSingleThread|Win32.Build.0 = ReleaseSingleThread|Win32
		{825C31E8-4C21-1348-AAEE-ACE6E8936988}.ReleaseSingleThread|x64.ActiveCfg = ReleaseSingleThread|x64
		{825C31E8-4C21-1348-AAEE-ACE6E8936988}.ReleaseSingleThread|x64.Build.0 = ReleaseSingleThread|x64
		{825C31E8-4C21-1348-AAEE-ACE6E8936988}.DebugSingleThreadDynamic|Win32.ActiveCfg = DebugSingleThreadDynamic|Win32
		{825C31E8-4C21-1348-AAEE-ACE6E8936988}.DebugSingleThreadDynamic|Win32.Build.0 = DebugSingleThreadDynamic|Win32
		{825C31E8-4C21-1348-AAEE-ACE6E8936988}.DebugSingleThreadDynamic|x64.ActiveCfg = DebugSingleThreadDynamic|x64
		{825C31E8-4C21-1348-AAEE-ACE6E8936988}.DebugSingleThreadDynamic|x64.Build.0 = DebugSingleThreadDynamic|x64
		{825C31E8-4C21-1348-AAEE-ACE6E8936988}.ReleaseSingleThreadDynamic|Win32.ActiveCfg = ReleaseSingleThreadDynamic|Win32
		{825C31E8-4C21-1348-AAEE-ACE6E8936988}.ReleaseSingleThreadDynamic|Win32.Build.0 = ReleaseSingleThreadDynamic|Win32
		{825C31E8-4C21-1348-AAEE-ACE6E8936988}.ReleaseSingleThreadDynamic|x64.ActiveCfg = ReleaseSingleThreadDynamic|x64
		{825C31E8-4C21-1348-AAEE-ACE6E8936988}.ReleaseSingleThreadDynamic|x64.Build.0 = ReleaseSingleThreadDynamic|x64
	EndGlobalSection
	GlobalSection(SolutionProperties) = preSolution
		HideSolutionNode = FALSE
	EndGlobalSection
EndGlobal
